
Microsoft Visual Studio Solution File, Format Version 12.00
# Visual Studio 2017
Project("{FAE04EC0-301F-11D3-BF4B-00C04F79EFBC}") = "carnivalEscape", "carnivalEscape.csproj", "{95A3C71B-1900-A40E-DD29-7B8F6B2D62A4}"
EndProject
Project("{FAE04EC0-301F-11D3-BF4B-00C04F79EFBC}") = "carnivalEscape.Editor", "carnivalEscape.Editor.csproj", "{316F76DD-EE91-1CB2-72F1-1DED9F04F1BA}"
EndProject
Global
	GlobalSection(SolutionConfigurationPlatforms) = preSolution
		Debug|Any CPU = Debug|Any CPU
		Release|Any CPU = Release|Any CPU
	EndGlobalSection
	GlobalSection(ProjectConfigurationPlatforms) = postSolution
		{95A3C71B-1900-A40E-DD29-7B8F6B2D62A4}.Debug|Any CPU.ActiveCfg = Debug|Any CPU
		{95A3C71B-1900-A40E-DD29-7B8F6B2D62A4}.Debug|Any CPU.Build.0 = Debug|Any CPU
		{95A3C71B-1900-A40E-DD29-7B8F6B2D62A4}.Release|Any CPU.ActiveCfg = Release|Any CPU
		{95A3C71B-1900-A40E-DD29-7B8F6B2D62A4}.Release|Any CPU.Build.0 = Release|Any CPU
		{316F76DD-EE91-1CB2-72F1-1DED9F04F1BA}.Debug|Any CPU.ActiveCfg = Debug|Any CPU
		{316F76DD-EE91-1CB2-72F1-1DED9F04F1BA}.Debug|Any CPU.Build.0 = Debug|Any CPU
		{316F76DD-EE91-1CB2-72F1-1DED9F04F1BA}.Release|Any CPU.ActiveCfg = Release|Any CPU
		{316F76DD-EE91-1CB2-72F1-1DED9F04F1BA}.Release|Any CPU.Build.0 = Release|Any CPU
	EndGlobalSection
	GlobalSection(SolutionProperties) = preSolution
		HideSolutionNode = FALSE
	EndGlobalSection
EndGlobal
